
Microsoft Visual Studio Solution File, Format Version 12.00
# Visual Studio Version 17
VisualStudioVersion = 17.10.35004.147
MinimumVisualStudioVersion = 10.0.40219.1
Project("{9A19103F-16F7-4668-BE54-9A1E7A4F7556}") = "EstudoPlugin.RenderFragmentPluginLibrary", "EstudoPlugin.RenderFragmentPluginLibrary\EstudoPlugin.RenderFragmentPluginLibrary.csproj", "{46D92B61-F3F4-4F21-8767-33C2DFE599E4}"
EndProject
Project("{2150E333-8FDC-42A3-9474-1A3956D46DE8}") = "Features", "Features", "{E6B89FE6-E56C-40BA-B6F6-32EACC26179E}"
EndProject
Project("{2150E333-8FDC-42A3-9474-1A3956D46DE8}") = "HtmlFragments", "HtmlFragments", "{259D63E1-1A60-406E-8502-BC5466D92E29}"
EndProject
Project("{9A19103F-16F7-4668-BE54-9A1E7A4F7556}") = "EstudoPlugin.HtmlFragmentPluginFeature", "EstudoPlugin.HtmFragmentPluginFeature\EstudoPlugin.HtmlFragmentPluginFeature.csproj", "{0602E682-F37A-447B-AD25-BA91E6D78F4E}"
EndProject
Project("{9A19103F-16F7-4668-BE54-9A1E7A4F7556}") = "EstudoPlugin.HtmlFragmentPlugin", "EstudoPlugin.HtmlFragmentPlugin\EstudoPlugin.HtmlFragmentPlugin.csproj", "{54F308F6-6FF4-4259-A731-1A840F325981}"
EndProject
Project("{9A19103F-16F7-4668-BE54-9A1E7A4F7556}") = "EstudoPlugin.HtmlFragmentPlugin.PluginApi", "EstudoPlugin.HtmlFragmentPlugin.PluginApi\EstudoPlugin.HtmlFragmentPlugin.PluginApi.csproj", "{DABAF40D-F49C-4C62-BDDF-9A9910738D02}"
EndProject
Project("{9A19103F-16F7-4668-BE54-9A1E7A4F7556}") = "EstudoPlugin.NavigationPluginApi", "EstudoPlugin.NavigationPluginApi\EstudoPlugin.NavigationPluginApi.csproj", "{E8F5B2BA-454A-4132-82DB-D6864E6A79CB}"
EndProject
Project("{FAE04EC0-301F-11D3-BF4B-00C04F79EFBC}") = "EstudoPluginApp", "EstudoPluginApp\EstudoPluginApp.csproj", "{2780F942-A213-4AC9-9306-614952B0CCE6}"
EndProject
Project("{9A19103F-16F7-4668-BE54-9A1E7A4F7556}") = "EstudoPlugin.Plugin", "EstudoPlugin.Plugin\EstudoPlugin.Plugin.csproj", "{F8364678-B8C4-4144-9A12-B7068336A168}"
EndProject
Global
	GlobalSection(SolutionConfigurationPlatforms) = preSolution
		Debug|Any CPU = Debug|Any CPU
		Release|Any CPU = Release|Any CPU
	EndGlobalSection
	GlobalSection(ProjectConfigurationPlatforms) = postSolution
		{46D92B61-F3F4-4F21-8767-33C2DFE599E4}.Debug|Any CPU.ActiveCfg = Debug|Any CPU
		{46D92B61-F3F4-4F21-8767-33C2DFE599E4}.Debug|Any CPU.Build.0 = Debug|Any CPU
		{46D92B61-F3F4-4F21-8767-33C2DFE599E4}.Release|Any CPU.ActiveCfg = Release|Any CPU
		{46D92B61-F3F4-4F21-8767-33C2DFE599E4}.Release|Any CPU.Build.0 = Release|Any CPU
		{0602E682-F37A-447B-AD25-BA91E6D78F4E}.Debug|Any CPU.ActiveCfg = Debug|Any CPU
		{0602E682-F37A-447B-AD25-BA91E6D78F4E}.Debug|Any CPU.Build.0 = Debug|Any CPU
		{0602E682-F37A-447B-AD25-BA91E6D78F4E}.Release|Any CPU.ActiveCfg = Release|Any CPU
		{0602E682-F37A-447B-AD25-BA91E6D78F4E}.Release|Any CPU.Build.0 = Release|Any CPU
		{54F308F6-6FF4-4259-A731-1A840F325981}.Debug|Any CPU.ActiveCfg = Debug|Any CPU
		{54F308F6-6FF4-4259-A731-1A840F325981}.Debug|Any CPU.Build.0 = Debug|Any CPU
		{54F308F6-6FF4-4259-A731-1A840F325981}.Release|Any CPU.ActiveCfg = Release|Any CPU
		{54F308F6-6FF4-4259-A731-1A840F325981}.Release|Any CPU.Build.0 = Release|Any CPU
		{DABAF40D-F49C-4C62-BDDF-9A9910738D02}.Debug|Any CPU.ActiveCfg = Debug|Any CPU
		{DABAF40D-F49C-4C62-BDDF-9A9910738D02}.Debug|Any CPU.Build.0 = Debug|Any CPU
		{DABAF40D-F49C-4C62-BDDF-9A9910738D02}.Release|Any CPU.ActiveCfg = Release|Any CPU
		{DABAF40D-F49C-4C62-BDDF-9A9910738D02}.Release|Any CPU.Build.0 = Release|Any CPU
		{E8F5B2BA-454A-4132-82DB-D6864E6A79CB}.Debug|Any CPU.ActiveCfg = Debug|Any CPU
		{E8F5B2BA-454A-4132-82DB-D6864E6A79CB}.Debug|Any CPU.Build.0 = Debug|Any CPU
		{E8F5B2BA-454A-4132-82DB-D6864E6A79CB}.Release|Any CPU.ActiveCfg = Release|Any CPU
		{E8F5B2BA-454A-4132-82DB-D6864E6A79CB}.Release|Any CPU.Build.0 = Release|Any CPU
		{2780F942-A213-4AC9-9306-614952B0CCE6}.Debug|Any CPU.ActiveCfg = Debug|Any CPU
		{2780F942-A213-4AC9-9306-614952B0CCE6}.Debug|Any CPU.Build.0 = Debug|Any CPU
		{2780F942-A213-4AC9-9306-614952B0CCE6}.Release|Any CPU.ActiveCfg = Release|Any CPU
		{2780F942-A213-4AC9-9306-614952B0CCE6}.Release|Any CPU.Build.0 = Release|Any CPU
		{F8364678-B8C4-4144-9A12-B7068336A168}.Debug|Any CPU.ActiveCfg = Debug|Any CPU
		{F8364678-B8C4-4144-9A12-B7068336A168}.Debug|Any CPU.Build.0 = Debug|Any CPU
		{F8364678-B8C4-4144-9A12-B7068336A168}.Release|Any CPU.ActiveCfg = Release|Any CPU
		{F8364678-B8C4-4144-9A12-B7068336A168}.Release|Any CPU.Build.0 = Release|Any CPU
	EndGlobalSection
	GlobalSection(SolutionProperties) = preSolution
		HideSolutionNode = FALSE
	EndGlobalSection
	GlobalSection(NestedProjects) = preSolution
		{259D63E1-1A60-406E-8502-BC5466D92E29} = {E6B89FE6-E56C-40BA-B6F6-32EACC26179E}
		{0602E682-F37A-447B-AD25-BA91E6D78F4E} = {259D63E1-1A60-406E-8502-BC5466D92E29}
		{54F308F6-6FF4-4259-A731-1A840F325981} = {259D63E1-1A60-406E-8502-BC5466D92E29}
		{DABAF40D-F49C-4C62-BDDF-9A9910738D02} = {259D63E1-1A60-406E-8502-BC5466D92E29}
	EndGlobalSection
	GlobalSection(ExtensibilityGlobals) = postSolution
		SolutionGuid = {3559E3B1-16D9-4D5C-9997-C115FE159A27}
	EndGlobalSection
EndGlobal
